
Microsoft Visual Studio Solution File, Format Version 12.00
# Visual Studio Version 16
VisualStudioVersion = 16.0.31005.135
MinimumVisualStudioVersion = 10.0.40219.1
Project("{FAE04EC0-301F-11D3-BF4B-00C04F79EFBC}") = "Toggle-HUD", "Toggle-HUD.csproj", "{FB416E23-480C-4248-982E-B8859180AB8F}"
EndProject
Global
	GlobalSection(SolutionConfigurationPlatforms) = preSolution
		Debug|Any CPU = Debug|Any CPU
		Release|Any CPU = Release|Any CPU
	EndGlobalSection
	GlobalSection(ProjectConfigurationPlatforms) = postSolution
		{FB416E23-480C-4248-982E-B8859180AB8F}.Debug|Any CPU.ActiveCfg = Debug|Any CPU
		{FB416E23-480C-4248-982E-B8859180AB8F}.Debug|Any CPU.Build.0 = Debug|Any CPU
		{FB416E23-480C-4248-982E-B8859180AB8F}.Release|Any CPU.ActiveCfg = Release|Any CPU
		{FB416E23-480C-4248-982E-B8859180AB8F}.Release|Any CPU.Build.0 = Release|Any CPU
	EndGlobalSection
	GlobalSection(SolutionProperties) = preSolution
		HideSolutionNode = FALSE
	EndGlobalSection
	GlobalSection(ExtensibilityGlobals) = postSolution
		SolutionGuid = {1EC52BD6-D8E4-4F62-99A7-91E0C063C268}
	EndGlobalSection
EndGlobal
